
Microsoft Visual Studio Solution File, Format Version 12.00
# Visual Studio Version 17
VisualStudioVersion = 17.11.35327.3
MinimumVisualStudioVersion = 10.0.40219.1
Project("{FAE04EC0-301F-11D3-BF4B-00C04F79EFBC}") = "Отрисовка линий и кривых", "Отрисовка линий и кривых\Отрисовка линий и кривых.csproj", "{42FAF4E3-166F-42EC-A970-40A3144EF8DF}"
EndProject
Global
	GlobalSection(SolutionConfigurationPlatforms) = preSolution
		Debug|Any CPU = Debug|Any CPU
		Release|Any CPU = Release|Any CPU
	EndGlobalSection
	GlobalSection(ProjectConfigurationPlatforms) = postSolution
		{42FAF4E3-166F-42EC-A970-40A3144EF8DF}.Debug|Any CPU.ActiveCfg = Debug|Any CPU
		{42FAF4E3-166F-42EC-A970-40A3144EF8DF}.Debug|Any CPU.Build.0 = Debug|Any CPU
		{42FAF4E3-166F-42EC-A970-40A3144EF8DF}.Release|Any CPU.ActiveCfg = Release|Any CPU
		{42FAF4E3-166F-42EC-A970-40A3144EF8DF}.Release|Any CPU.Build.0 = Release|Any CPU
	EndGlobalSection
	GlobalSection(SolutionProperties) = preSolution
		HideSolutionNode = FALSE
	EndGlobalSection
	GlobalSection(ExtensibilityGlobals) = postSolution
		SolutionGuid = {7A37D780-32A8-4FD4-BCCE-AB41441AC0DB}
	EndGlobalSection
EndGlobal
