
Microsoft Visual Studio Solution File, Format Version 12.00
# Visual Studio Version 17
VisualStudioVersion = 17.11.35327.3
MinimumVisualStudioVersion = 10.0.40219.1
Project("{FAE04EC0-301F-11D3-BF4B-00C04F79EFBC}") = "Laba-6", "Laba-6.csproj", "{26032013-8FA5-4A62-B3DE-74FF22E86C3D}"
EndProject
Global
	GlobalSection(SolutionConfigurationPlatforms) = preSolution
		Debug|Any CPU = Debug|Any CPU
		Release|Any CPU = Release|Any CPU
	EndGlobalSection
	GlobalSection(ProjectConfigurationPlatforms) = postSolution
		{26032013-8FA5-4A62-B3DE-74FF22E86C3D}.Debug|Any CPU.ActiveCfg = Debug|Any CPU
		{26032013-8FA5-4A62-B3DE-74FF22E86C3D}.Debug|Any CPU.Build.0 = Debug|Any CPU
		{26032013-8FA5-4A62-B3DE-74FF22E86C3D}.Release|Any CPU.ActiveCfg = Release|Any CPU
		{26032013-8FA5-4A62-B3DE-74FF22E86C3D}.Release|Any CPU.Build.0 = Release|Any CPU
	EndGlobalSection
	GlobalSection(SolutionProperties) = preSolution
		HideSolutionNode = FALSE
	EndGlobalSection
	GlobalSection(ExtensibilityGlobals) = postSolution
		SolutionGuid = {2B96F73F-9133-4BF4-A065-7D0E00BB74D4}
	EndGlobalSection
EndGlobal
